# This file is automatically generated by Poetry and used by Spectra scanner.
# Do not edit manually.

[[package]]
name = "bcrypt"
version = "4.1.2"
description = "Modern password hashing for your software and your servers"
optional = false
python-versions = ">=3.7"
files = []

[[package]]
name = "cryptography"
version = "42.0.5"
description = "cryptography is a package which provides cryptographic recipes and primitives to Python developers."
optional = false
python-versions = ">=3.7"
files = []

[[package]]
name = "pycryptodome"
version = "3.20.0"
description = "Cryptographic library for Python"
optional = false
python-versions = ">=2.7, !=3.0.*, !=3.1.*, !=3.2.*, !=3.3.*, !=3.4.*"
files = []

[[package]]
name = "paramiko"
version = "3.4.0"
description = "SSH2 protocol library"
optional = false
python-versions = ">=3.6"
files = []

[metadata]
lock-version = "2.0"
python-versions = "^3.11"
content-hash = "c18549884e9d7249c5eb7ec584ec692cbef6066a5e171b3068e1a7b8e19e0783"
