# This file is automatically generated by Cargo and scanned by Spectra.
version = 3

[[package]]
name = "aes-gcm"
version = "0.10.3"
source = "registry+https://github.com/rust-lang/crates.io-index"
checksum = "831010a0f742e1209b3bffe8fd6af84919613828fa7192ea9026bd30d85ecb5a"

[[package]]
name = "crypto-rs"
version = "0.4.0"
dependencies = [
 "aes-gcm",
 "chrono",
 "hex",
 "log",
 "pqcrypto-kyber",
 "pqcrypto-traits",
 "ring",
 "serde",
 "serde_json",
 "thiserror",
]

[[package]]
name = "pqcrypto-kyber"
version = "0.8.0"
source = "registry+https://github.com/rust-lang/crates.io-index"
checksum = "d73ad53796d18a0ebc72808035bc23a851121d4c728e5306915b02ee96c21e6c"

[[package]]
name = "ring"
version = "0.17.8"
source = "registry+https://github.com/rust-lang/crates.io-index"
checksum = "c17fa4cb658e3583423e915b9f3ac859aca52833f1bfa3a9376c9c31c31802e0"
